// !$*UTF8*$!
{
	archiveVersion = 1;
	classes = {
	};
	objectVersion = 56;
	objects = {

/* Begin PBXBuildFile section */
		2A08F8FE2A4CAA08007B9E0D /* OAuthTokenResponseBody.swift in Sources */ = {isa = PBXBuildFile; fileRef = 2A08F8FD2A4CAA08007B9E0D /* OAuthTokenResponseBody.swift */; };
		2A08F9012A4CAA93007B9E0D /* OAuth2Service.swift in Sources */ = {isa = PBXBuildFile; fileRef = 2A08F9002A4CAA93007B9E0D /* OAuth2Service.swift */; };
		2A08F9032A4CAB4B007B9E0D /* OAuth2TokenStorage.swift in Sources */ = {isa = PBXBuildFile; fileRef = 2A08F9022A4CAB4B007B9E0D /* OAuth2TokenStorage.swift */; };
		2A0DA56B2A6C8C190099011A /* WebViewTests.swift in Sources */ = {isa = PBXBuildFile; fileRef = 2A0DA56A2A6C8C190099011A /* WebViewTests.swift */; };
		2A1DC67F2A210CE5007EBDDA /* ImagesListCell.swift in Sources */ = {isa = PBXBuildFile; fileRef = 2A1DC67E2A210CE5007EBDDA /* ImagesListCell.swift */; };
		2A2AEA4F2A1FC263003EA15E /* AppDelegate.swift in Sources */ = {isa = PBXBuildFile; fileRef = 2A2AEA4E2A1FC263003EA15E /* AppDelegate.swift */; };
		2A2AEA512A1FC263003EA15E /* SceneDelegate.swift in Sources */ = {isa = PBXBuildFile; fileRef = 2A2AEA502A1FC263003EA15E /* SceneDelegate.swift */; };
		2A2AEA532A1FC263003EA15E /* ImagesListViewController.swift in Sources */ = {isa = PBXBuildFile; fileRef = 2A2AEA522A1FC263003EA15E /* ImagesListViewController.swift */; };
		2A2AEA562A1FC263003EA15E /* Main.storyboard in Resources */ = {isa = PBXBuildFile; fileRef = 2A2AEA542A1FC263003EA15E /* Main.storyboard */; };
		2A2AEA582A1FC264003EA15E /* Assets.xcassets in Resources */ = {isa = PBXBuildFile; fileRef = 2A2AEA572A1FC264003EA15E /* Assets.xcassets */; };
		2A2AEA5B2A1FC264003EA15E /* LaunchScreen.storyboard in Resources */ = {isa = PBXBuildFile; fileRef = 2A2AEA592A1FC264003EA15E /* LaunchScreen.storyboard */; };
		2A2E9B7C2A8CEB4C00577BC0 /* ProfileTests.swift in Sources */ = {isa = PBXBuildFile; fileRef = 2A2E9B7B2A8CEB4C00577BC0 /* ProfileTests.swift */; };
		2A2E9B7E2A8CEB8500577BC0 /* ImagesListPresenter.swift in Sources */ = {isa = PBXBuildFile; fileRef = 2A2E9B7D2A8CEB8500577BC0 /* ImagesListPresenter.swift */; };
		2A2E9B802A8CEBBD00577BC0 /* ProfileViewPresenter.swift in Sources */ = {isa = PBXBuildFile; fileRef = 2A2E9B7F2A8CEBBD00577BC0 /* ProfileViewPresenter.swift */; };
		2A2E9B822A8CED4700577BC0 /* AuthHelper.swift in Sources */ = {isa = PBXBuildFile; fileRef = 2A2E9B812A8CED4700577BC0 /* AuthHelper.swift */; };
		2A2E9B842A8CED8B00577BC0 /* WebViewPresenter.swift in Sources */ = {isa = PBXBuildFile; fileRef = 2A2E9B832A8CED8B00577BC0 /* WebViewPresenter.swift */; };
		2A2E9B862A8CF00900577BC0 /* ImagesListTests.swift in Sources */ = {isa = PBXBuildFile; fileRef = 2A2E9B852A8CF00900577BC0 /* ImagesListTests.swift */; };
		2A2E9B8E2A8CF08400577BC0 /* ImageFeedUITests.swift in Sources */ = {isa = PBXBuildFile; fileRef = 2A2E9B8D2A8CF08400577BC0 /* ImageFeedUITests.swift */; };
		2A4EED112A53607D002D192A /* SplashViewController.swift in Sources */ = {isa = PBXBuildFile; fileRef = 2A4EED102A53607D002D192A /* SplashViewController.swift */; };
		2A50922F2A65CB260045410D /* Kingfisher in Frameworks */ = {isa = PBXBuildFile; productRef = 2A50922E2A65CB260045410D /* Kingfisher */; };
		2A5092322A671DEC0045410D /* SwiftKeychainWrapper in Frameworks */ = {isa = PBXBuildFile; productRef = 2A5092312A671DEC0045410D /* SwiftKeychainWrapper */; };
		2A5092352A672ACD0045410D /* TabBarController.swift in Sources */ = {isa = PBXBuildFile; fileRef = 2A5092342A672ACD0045410D /* TabBarController.swift */; };
		2A6141B12A62E48100852742 /* ProfileImageService.swift in Sources */ = {isa = PBXBuildFile; fileRef = 2A6141B02A62E48100852742 /* ProfileImageService.swift */; };
		2A7574772A61AC88002F542B /* Profile.swift in Sources */ = {isa = PBXBuildFile; fileRef = 2A7574762A61AC88002F542B /* Profile.swift */; };
		2A7AC0522A58BAF5009C0BD1 /* URLSession+Extensions.swift in Sources */ = {isa = PBXBuildFile; fileRef = 2A7AC0512A58BAF5009C0BD1 /* URLSession+Extensions.swift */; };
		2A7AC0542A58BB01009C0BD1 /* URLRequest+Extensions.swift in Sources */ = {isa = PBXBuildFile; fileRef = 2A7AC0532A58BB01009C0BD1 /* URLRequest+Extensions.swift */; };
		2A8ED6512A34832F00697A35 /* SingleImageViewController.swift in Sources */ = {isa = PBXBuildFile; fileRef = 2A8ED6502A34832F00697A35 /* SingleImageViewController.swift */; };
		2AA7F56A2A6AAD3100915CFF /* ImagesListService.swift in Sources */ = {isa = PBXBuildFile; fileRef = 2AA7F5692A6AAD3100915CFF /* ImagesListService.swift */; };
		2AD0773B2A600BB8003F71E6 /* ProgressHUD in Frameworks */ = {isa = PBXBuildFile; productRef = 2AD0773A2A600BB8003F71E6 /* ProgressHUD */; };
		2AD0773D2A606ABA003F71E6 /* UIBlockingProgressHUD.swift in Sources */ = {isa = PBXBuildFile; fileRef = 2AD0773C2A606ABA003F71E6 /* UIBlockingProgressHUD.swift */; };
		2AD077402A608F46003F71E6 /* ProfileService.swift in Sources */ = {isa = PBXBuildFile; fileRef = 2AD0773F2A608F46003F71E6 /* ProfileService.swift */; };
		2AD385D42A6155B200D3878C /* ProfileResult.swift in Sources */ = {isa = PBXBuildFile; fileRef = 2AD385D32A6155B200D3878C /* ProfileResult.swift */; };
		2AD3DA2C2A470C17005AF6CD /* AuthConfiguration.swift in Sources */ = {isa = PBXBuildFile; fileRef = 2AD3DA2B2A470C17005AF6CD /* AuthConfiguration.swift */; };
		2AD3DA2F2A473A54005AF6CD /* AuthViewController.swift in Sources */ = {isa = PBXBuildFile; fileRef = 2AD3DA2E2A473A54005AF6CD /* AuthViewController.swift */; };
		2AD3DA312A47403F005AF6CD /* WebViewViewController.swift in Sources */ = {isa = PBXBuildFile; fileRef = 2AD3DA302A47403F005AF6CD /* WebViewViewController.swift */; };
		2AD7B6802A33596B003896B9 /* ProfileViewController.swift in Sources */ = {isa = PBXBuildFile; fileRef = 2AD7B67F2A33596B003896B9 /* ProfileViewController.swift */; };
		2AD7B6832A33667F003896B9 /* UIColorExtentions.swift in Sources */ = {isa = PBXBuildFile; fileRef = 2AD7B6822A33667F003896B9 /* UIColorExtentions.swift */; };
/* End PBXBuildFile section */

/* Begin PBXContainerItemProxy section */
		2A0DA56C2A6C8C190099011A /* PBXContainerItemProxy */ = {
			isa = PBXContainerItemProxy;
			containerPortal = 2A2AEA432A1FC263003EA15E /* Project object */;
			proxyType = 1;
			remoteGlobalIDString = 2A2AEA4A2A1FC263003EA15E;
			remoteInfo = ImageFeed;
		};
		2A2E9B912A8CF08400577BC0 /* PBXContainerItemProxy */ = {
			isa = PBXContainerItemProxy;
			containerPortal = 2A2AEA432A1FC263003EA15E /* Project object */;
			proxyType = 1;
			remoteGlobalIDString = 2A2AEA4A2A1FC263003EA15E;
			remoteInfo = ImageFeed;
		};
/* End PBXContainerItemProxy section */

/* Begin PBXFileReference section */
		2A08F8FD2A4CAA08007B9E0D /* OAuthTokenResponseBody.swift */ = {isa = PBXFileReference; lastKnownFileType = sourcecode.swift; path = OAuthTokenResponseBody.swift; sourceTree = "<group>"; };
		2A08F9002A4CAA93007B9E0D /* OAuth2Service.swift */ = {isa = PBXFileReference; lastKnownFileType = sourcecode.swift; path = OAuth2Service.swift; sourceTree = "<group>"; };
		2A08F9022A4CAB4B007B9E0D /* OAuth2TokenStorage.swift */ = {isa = PBXFileReference; lastKnownFileType = sourcecode.swift; path = OAuth2TokenStorage.swift; sourceTree = "<group>"; };
		2A0DA5682A6C8C190099011A /* ImageFeedTests.xctest */ = {isa = PBXFileReference; explicitFileType = wrapper.cfbundle; includeInIndex = 0; path = ImageFeedTests.xctest; sourceTree = BUILT_PRODUCTS_DIR; };
		2A0DA56A2A6C8C190099011A /* WebViewTests.swift */ = {isa = PBXFileReference; lastKnownFileType = sourcecode.swift; path = WebViewTests.swift; sourceTree = "<group>"; };
		2A1DC67E2A210CE5007EBDDA /* ImagesListCell.swift */ = {isa = PBXFileReference; lastKnownFileType = sourcecode.swift; path = ImagesListCell.swift; sourceTree = "<group>"; };
		2A2AEA4B2A1FC263003EA15E /* ImageFeed.app */ = {isa = PBXFileReference; explicitFileType = wrapper.application; includeInIndex = 0; path = ImageFeed.app; sourceTree = BUILT_PRODUCTS_DIR; };
		2A2AEA4E2A1FC263003EA15E /* AppDelegate.swift */ = {isa = PBXFileReference; lastKnownFileType = sourcecode.swift; path = AppDelegate.swift; sourceTree = "<group>"; };
		2A2AEA502A1FC263003EA15E /* SceneDelegate.swift */ = {isa = PBXFileReference; lastKnownFileType = sourcecode.swift; path = SceneDelegate.swift; sourceTree = "<group>"; };
		2A2AEA522A1FC263003EA15E /* ImagesListViewController.swift */ = {isa = PBXFileReference; lastKnownFileType = sourcecode.swift; path = ImagesListViewController.swift; sourceTree = "<group>"; };
		2A2AEA552A1FC263003EA15E /* Base */ = {isa = PBXFileReference; lastKnownFileType = file.storyboard; name = Base; path = Base.lproj/Main.storyboard; sourceTree = "<group>"; };
		2A2AEA572A1FC264003EA15E /* Assets.xcassets */ = {isa = PBXFileReference; lastKnownFileType = folder.assetcatalog; path = Assets.xcassets; sourceTree = "<group>"; };
		2A2AEA5A2A1FC264003EA15E /* Base */ = {isa = PBXFileReference; lastKnownFileType = file.storyboard; name = Base; path = Base.lproj/LaunchScreen.storyboard; sourceTree = "<group>"; };
		2A2AEA5C2A1FC264003EA15E /* Info.plist */ = {isa = PBXFileReference; lastKnownFileType = text.plist.xml; path = Info.plist; sourceTree = "<group>"; };
		2A2E9B7B2A8CEB4C00577BC0 /* ProfileTests.swift */ = {isa = PBXFileReference; lastKnownFileType = sourcecode.swift; path = ProfileTests.swift; sourceTree = "<group>"; };
		2A2E9B7D2A8CEB8500577BC0 /* ImagesListPresenter.swift */ = {isa = PBXFileReference; lastKnownFileType = sourcecode.swift; path = ImagesListPresenter.swift; sourceTree = "<group>"; };
		2A2E9B7F2A8CEBBD00577BC0 /* ProfileViewPresenter.swift */ = {isa = PBXFileReference; lastKnownFileType = sourcecode.swift; path = ProfileViewPresenter.swift; sourceTree = "<group>"; };
		2A2E9B812A8CED4700577BC0 /* AuthHelper.swift */ = {isa = PBXFileReference; lastKnownFileType = sourcecode.swift; path = AuthHelper.swift; sourceTree = "<group>"; };
		2A2E9B832A8CED8B00577BC0 /* WebViewPresenter.swift */ = {isa = PBXFileReference; lastKnownFileType = sourcecode.swift; path = WebViewPresenter.swift; sourceTree = "<group>"; };
		2A2E9B852A8CF00900577BC0 /* ImagesListTests.swift */ = {isa = PBXFileReference; lastKnownFileType = sourcecode.swift; path = ImagesListTests.swift; sourceTree = "<group>"; };
		2A2E9B8B2A8CF08400577BC0 /* ImageFeedUITests.xctest */ = {isa = PBXFileReference; explicitFileType = wrapper.cfbundle; includeInIndex = 0; path = ImageFeedUITests.xctest; sourceTree = BUILT_PRODUCTS_DIR; };
		2A2E9B8D2A8CF08400577BC0 /* ImageFeedUITests.swift */ = {isa = PBXFileReference; lastKnownFileType = sourcecode.swift; path = ImageFeedUITests.swift; sourceTree = "<group>"; };
		2A4EED102A53607D002D192A /* SplashViewController.swift */ = {isa = PBXFileReference; lastKnownFileType = sourcecode.swift; path = SplashViewController.swift; sourceTree = "<group>"; };
		2A5092342A672ACD0045410D /* TabBarController.swift */ = {isa = PBXFileReference; lastKnownFileType = sourcecode.swift; path = TabBarController.swift; sourceTree = "<group>"; };
		2A6141B02A62E48100852742 /* ProfileImageService.swift */ = {isa = PBXFileReference; lastKnownFileType = sourcecode.swift; path = ProfileImageService.swift; sourceTree = "<group>"; };
		2A7574762A61AC88002F542B /* Profile.swift */ = {isa = PBXFileReference; lastKnownFileType = sourcecode.swift; path = Profile.swift; sourceTree = "<group>"; };
		2A7AC0512A58BAF5009C0BD1 /* URLSession+Extensions.swift */ = {isa = PBXFileReference; lastKnownFileType = sourcecode.swift; path = "URLSession+Extensions.swift"; sourceTree = "<group>"; };
		2A7AC0532A58BB01009C0BD1 /* URLRequest+Extensions.swift */ = {isa = PBXFileReference; lastKnownFileType = sourcecode.swift; path = "URLRequest+Extensions.swift"; sourceTree = "<group>"; };
		2A8ED6502A34832F00697A35 /* SingleImageViewController.swift */ = {isa = PBXFileReference; lastKnownFileType = sourcecode.swift; path = SingleImageViewController.swift; sourceTree = "<group>"; };
		2AA7F5692A6AAD3100915CFF /* ImagesListService.swift */ = {isa = PBXFileReference; lastKnownFileType = sourcecode.swift; path = ImagesListService.swift; sourceTree = "<group>"; };
		2AD0773C2A606ABA003F71E6 /* UIBlockingProgressHUD.swift */ = {isa = PBXFileReference; lastKnownFileType = sourcecode.swift; path = UIBlockingProgressHUD.swift; sourceTree = "<group>"; };
		2AD0773F2A608F46003F71E6 /* ProfileService.swift */ = {isa = PBXFileReference; lastKnownFileType = sourcecode.swift; path = ProfileService.swift; sourceTree = "<group>"; };
		2AD385D32A6155B200D3878C /* ProfileResult.swift */ = {isa = PBXFileReference; lastKnownFileType = sourcecode.swift; path = ProfileResult.swift; sourceTree = "<group>"; };
		2AD3DA2B2A470C17005AF6CD /* AuthConfiguration.swift */ = {isa = PBXFileReference; lastKnownFileType = sourcecode.swift; path = AuthConfiguration.swift; sourceTree = "<group>"; };
		2AD3DA2E2A473A54005AF6CD /* AuthViewController.swift */ = {isa = PBXFileReference; lastKnownFileType = sourcecode.swift; path = AuthViewController.swift; sourceTree = "<group>"; };
		2AD3DA302A47403F005AF6CD /* WebViewViewController.swift */ = {isa = PBXFileReference; lastKnownFileType = sourcecode.swift; path = WebViewViewController.swift; sourceTree = "<group>"; };
		2AD7B67F2A33596B003896B9 /* ProfileViewController.swift */ = {isa = PBXFileReference; lastKnownFileType = sourcecode.swift; path = ProfileViewController.swift; sourceTree = "<group>"; };
		2AD7B6822A33667F003896B9 /* UIColorExtentions.swift */ = {isa = PBXFileReference; lastKnownFileType = sourcecode.swift; path = UIColorExtentions.swift; sourceTree = "<group>"; };
/* End PBXFileReference section */

/* Begin PBXFrameworksBuildPhase section */
		2A0DA5652A6C8C190099011A /* Frameworks */ = {
			isa = PBXFrameworksBuildPhase;
			buildActionMask = 2147483647;
			files = (
			);
			runOnlyForDeploymentPostprocessing = 0;
		};
		2A2AEA482A1FC263003EA15E /* Frameworks */ = {
			isa = PBXFrameworksBuildPhase;
			buildActionMask = 2147483647;
			files = (
				2A50922F2A65CB260045410D /* Kingfisher in Frameworks */,
				2AD0773B2A600BB8003F71E6 /* ProgressHUD in Frameworks */,
				2A5092322A671DEC0045410D /* SwiftKeychainWrapper in Frameworks */,
			);
			runOnlyForDeploymentPostprocessing = 0;
		};
		2A2E9B882A8CF08400577BC0 /* Frameworks */ = {
			isa = PBXFrameworksBuildPhase;
			buildActionMask = 2147483647;
			files = (
			);
			runOnlyForDeploymentPostprocessing = 0;
		};
/* End PBXFrameworksBuildPhase section */

/* Begin PBXGroup section */
		2A08F8FF2A4CAA5F007B9E0D /* Services */ = {
			isa = PBXGroup;
			children = (
				2A4EED0D2A51FBCF002D192A /* OAuth2 */,
				2AA7F5682A6AAD1000915CFF /* ImagesListService */,
				2A6141AF2A62E43500852742 /* ProfileService */,
			);
			path = Services;
			sourceTree = "<group>";
		};
		2A0DA5692A6C8C190099011A /* ImageFeedTests */ = {
			isa = PBXGroup;
			children = (
				2A0DA56A2A6C8C190099011A /* WebViewTests.swift */,
				2A2E9B7B2A8CEB4C00577BC0 /* ProfileTests.swift */,
				2A2E9B852A8CF00900577BC0 /* ImagesListTests.swift */,
			);
			path = ImageFeedTests;
			sourceTree = "<group>";
		};
		2A1DC6802A210D15007EBDDA /* ImageList */ = {
			isa = PBXGroup;
			children = (
				2A2AEA522A1FC263003EA15E /* ImagesListViewController.swift */,
				2A2E9B7D2A8CEB8500577BC0 /* ImagesListPresenter.swift */,
				2A1DC67E2A210CE5007EBDDA /* ImagesListCell.swift */,
			);
			path = ImageList;
			sourceTree = "<group>";
		};
		2A2AEA422A1FC263003EA15E = {
			isa = PBXGroup;
			children = (
				2A2AEA4D2A1FC263003EA15E /* ImageFeed */,
				2A0DA5692A6C8C190099011A /* ImageFeedTests */,
				2A2E9B8C2A8CF08400577BC0 /* ImageFeedUITests */,
				2A2AEA4C2A1FC263003EA15E /* Products */,
			);
			sourceTree = "<group>";
		};
		2A2AEA4C2A1FC263003EA15E /* Products */ = {
			isa = PBXGroup;
			children = (
				2A2AEA4B2A1FC263003EA15E /* ImageFeed.app */,
				2A0DA5682A6C8C190099011A /* ImageFeedTests.xctest */,
				2A2E9B8B2A8CF08400577BC0 /* ImageFeedUITests.xctest */,
			);
			name = Products;
			sourceTree = "<group>";
		};
		2A2AEA4D2A1FC263003EA15E /* ImageFeed */ = {
			isa = PBXGroup;
			children = (
				2A1DC6802A210D15007EBDDA /* ImageList */,
				2AD7B67E2A335905003896B9 /* Profile */,
				2A8ED64F2A3482F100697A35 /* SIngleImage */,
				2AD3DA2D2A473A2D005AF6CD /* Auth */,
				2A08F8FF2A4CAA5F007B9E0D /* Services */,
				2A5092332A672AA30045410D /* TabBarController */,
				2A4EED0F2A53604D002D192A /* Splash */,
				2A7AC0502A58BAC7009C0BD1 /* Helpers */,
				2A2E9B972A8D026D00577BC0 /* Presenter */,
				2A2E9B962A8D023500577BC0 /* Resources */,
				2A2AEA5C2A1FC264003EA15E /* Info.plist */,
			);
			path = ImageFeed;
			sourceTree = "<group>";
		};
		2A2E9B8C2A8CF08400577BC0 /* ImageFeedUITests */ = {
			isa = PBXGroup;
			children = (
				2A2E9B8D2A8CF08400577BC0 /* ImageFeedUITests.swift */,
			);
			path = ImageFeedUITests;
			sourceTree = "<group>";
		};
		2A2E9B962A8D023500577BC0 /* Resources */ = {
			isa = PBXGroup;
			children = (
				2A2AEA4E2A1FC263003EA15E /* AppDelegate.swift */,
				2A2AEA502A1FC263003EA15E /* SceneDelegate.swift */,
				2AD3DA2B2A470C17005AF6CD /* AuthConfiguration.swift */,
				2A2AEA572A1FC264003EA15E /* Assets.xcassets */,
			);
			path = Resources;
			sourceTree = "<group>";
		};
		2A2E9B972A8D026D00577BC0 /* Presenter */ = {
			isa = PBXGroup;
			children = (
				2A2AEA542A1FC263003EA15E /* Main.storyboard */,
				2A2AEA592A1FC264003EA15E /* LaunchScreen.storyboard */,
			);
			path = Presenter;
			sourceTree = "<group>";
		};
		2A4EED0D2A51FBCF002D192A /* OAuth2 */ = {
			isa = PBXGroup;
			children = (
				2A08F9002A4CAA93007B9E0D /* OAuth2Service.swift */,
				2AD0773C2A606ABA003F71E6 /* UIBlockingProgressHUD.swift */,
				2A08F9022A4CAB4B007B9E0D /* OAuth2TokenStorage.swift */,
			);
			path = OAuth2;
			sourceTree = "<group>";
		};
		2A4EED0F2A53604D002D192A /* Splash */ = {
			isa = PBXGroup;
			children = (
				2A4EED102A53607D002D192A /* SplashViewController.swift */,
			);
			path = Splash;
			sourceTree = "<group>";
		};
		2A5092332A672AA30045410D /* TabBarController */ = {
			isa = PBXGroup;
			children = (
				2A5092342A672ACD0045410D /* TabBarController.swift */,
			);
			path = TabBarController;
			sourceTree = "<group>";
		};
		2A6141AF2A62E43500852742 /* ProfileService */ = {
			isa = PBXGroup;
			children = (
				2AD0773F2A608F46003F71E6 /* ProfileService.swift */,
				2A6141B02A62E48100852742 /* ProfileImageService.swift */,
			);
			path = ProfileService;
			sourceTree = "<group>";
		};
		2A7AC0502A58BAC7009C0BD1 /* Helpers */ = {
			isa = PBXGroup;
			children = (
				2A7AC0512A58BAF5009C0BD1 /* URLSession+Extensions.swift */,
				2A7AC0532A58BB01009C0BD1 /* URLRequest+Extensions.swift */,
				2AD7B6822A33667F003896B9 /* UIColorExtentions.swift */,
			);
			path = Helpers;
			sourceTree = "<group>";
		};
		2A8ED64F2A3482F100697A35 /* SIngleImage */ = {
			isa = PBXGroup;
			children = (
				2A8ED6502A34832F00697A35 /* SingleImageViewController.swift */,
			);
			path = SIngleImage;
			sourceTree = "<group>";
		};
		2AA7F5682A6AAD1000915CFF /* ImagesListService */ = {
			isa = PBXGroup;
			children = (
				2AA7F5692A6AAD3100915CFF /* ImagesListService.swift */,
			);
			path = ImagesListService;
			sourceTree = "<group>";
		};
		2AD3DA2D2A473A2D005AF6CD /* Auth */ = {
			isa = PBXGroup;
			children = (
				2AD3DA2E2A473A54005AF6CD /* AuthViewController.swift */,
				2A2E9B812A8CED4700577BC0 /* AuthHelper.swift */,
				2AD3DA302A47403F005AF6CD /* WebViewViewController.swift */,
				2A2E9B832A8CED8B00577BC0 /* WebViewPresenter.swift */,
				2A08F8FD2A4CAA08007B9E0D /* OAuthTokenResponseBody.swift */,
			);
			path = Auth;
			sourceTree = "<group>";
		};
		2AD7B67E2A335905003896B9 /* Profile */ = {
			isa = PBXGroup;
			children = (
				2AD7B67F2A33596B003896B9 /* ProfileViewController.swift */,
				2A2E9B7F2A8CEBBD00577BC0 /* ProfileViewPresenter.swift */,
				2AD385D32A6155B200D3878C /* ProfileResult.swift */,
				2A7574762A61AC88002F542B /* Profile.swift */,
			);
			path = Profile;
			sourceTree = "<group>";
		};
/* End PBXGroup section */

/* Begin PBXNativeTarget section */
		2A0DA5672A6C8C190099011A /* ImageFeedTests */ = {
			isa = PBXNativeTarget;
			buildConfigurationList = 2A0DA56E2A6C8C190099011A /* Build configuration list for PBXNativeTarget "ImageFeedTests" */;
			buildPhases = (
				2A0DA5642A6C8C190099011A /* Sources */,
				2A0DA5652A6C8C190099011A /* Frameworks */,
				2A0DA5662A6C8C190099011A /* Resources */,
			);
			buildRules = (
			);
			dependencies = (
				2A0DA56D2A6C8C190099011A /* PBXTargetDependency */,
			);
			name = ImageFeedTests;
			productName = ImageFeedTests;
			productReference = 2A0DA5682A6C8C190099011A /* ImageFeedTests.xctest */;
			productType = "com.apple.product-type.bundle.unit-test";
		};
		2A2AEA4A2A1FC263003EA15E /* ImageFeed */ = {
			isa = PBXNativeTarget;
			buildConfigurationList = 2A2AEA5F2A1FC264003EA15E /* Build configuration list for PBXNativeTarget "ImageFeed" */;
			buildPhases = (
				2A2AEA472A1FC263003EA15E /* Sources */,
				2A2AEA482A1FC263003EA15E /* Frameworks */,
				2A2AEA492A1FC263003EA15E /* Resources */,
			);
			buildRules = (
			);
			dependencies = (
			);
			name = ImageFeed;
			packageProductDependencies = (
				2AD0773A2A600BB8003F71E6 /* ProgressHUD */,
				2A50922E2A65CB260045410D /* Kingfisher */,
				2A5092312A671DEC0045410D /* SwiftKeychainWrapper */,
			);
			productName = ImageFeed;
			productReference = 2A2AEA4B2A1FC263003EA15E /* ImageFeed.app */;
			productType = "com.apple.product-type.application";
		};
		2A2E9B8A2A8CF08400577BC0 /* ImageFeedUITests */ = {
			isa = PBXNativeTarget;
			buildConfigurationList = 2A2E9B932A8CF08400577BC0 /* Build configuration list for PBXNativeTarget "ImageFeedUITests" */;
			buildPhases = (
				2A2E9B872A8CF08400577BC0 /* Sources */,
				2A2E9B882A8CF08400577BC0 /* Frameworks */,
				2A2E9B892A8CF08400577BC0 /* Resources */,
			);
			buildRules = (
			);
			dependencies = (
				2A2E9B922A8CF08400577BC0 /* PBXTargetDependency */,
			);
			name = ImageFeedUITests;
			productName = ImageFeedUITests;
			productReference = 2A2E9B8B2A8CF08400577BC0 /* ImageFeedUITests.xctest */;
			productType = "com.apple.product-type.bundle.ui-testing";
		};
/* End PBXNativeTarget section */

/* Begin PBXProject section */
		2A2AEA432A1FC263003EA15E /* Project object */ = {
			isa = PBXProject;
			attributes = {
				BuildIndependentTargetsInParallel = 1;
				LastSwiftUpdateCheck = 1430;
				LastUpgradeCheck = 1430;
				TargetAttributes = {
					2A0DA5672A6C8C190099011A = {
						CreatedOnToolsVersion = 14.3.1;
						TestTargetID = 2A2AEA4A2A1FC263003EA15E;
					};
					2A2AEA4A2A1FC263003EA15E = {
						CreatedOnToolsVersion = 14.3;
					};
					2A2E9B8A2A8CF08400577BC0 = {
						CreatedOnToolsVersion = 14.3.1;
						TestTargetID = 2A2AEA4A2A1FC263003EA15E;
					};
				};
			};
			buildConfigurationList = 2A2AEA462A1FC263003EA15E /* Build configuration list for PBXProject "ImageFeed" */;
			compatibilityVersion = "Xcode 14.0";
			developmentRegion = en;
			hasScannedForEncodings = 0;
			knownRegions = (
				en,
				Base,
			);
			mainGroup = 2A2AEA422A1FC263003EA15E;
			packageReferences = (
				2AD077392A600BB8003F71E6 /* XCRemoteSwiftPackageReference "ProgressHUD" */,
				2A50922D2A65CB260045410D /* XCRemoteSwiftPackageReference "Kingfisher" */,
				2A5092302A671DEC0045410D /* XCRemoteSwiftPackageReference "SwiftKeychainWrapper" */,
			);
			productRefGroup = 2A2AEA4C2A1FC263003EA15E /* Products */;
			projectDirPath = "";
			projectRoot = "";
			targets = (
				2A2AEA4A2A1FC263003EA15E /* ImageFeed */,
				2A0DA5672A6C8C190099011A /* ImageFeedTests */,
				2A2E9B8A2A8CF08400577BC0 /* ImageFeedUITests */,
			);
		};
/* End PBXProject section */

/* Begin PBXResourcesBuildPhase section */
		2A0DA5662A6C8C190099011A /* Resources */ = {
			isa = PBXResourcesBuildPhase;
			buildActionMask = 2147483647;
			files = (
			);
			runOnlyForDeploymentPostprocessing = 0;
		};
		2A2AEA492A1FC263003EA15E /* Resources */ = {
			isa = PBXResourcesBuildPhase;
			buildActionMask = 2147483647;
			files = (
				2A2AEA5B2A1FC264003EA15E /* LaunchScreen.storyboard in Resources */,
				2A2AEA582A1FC264003EA15E /* Assets.xcassets in Resources */,
				2A2AEA562A1FC263003EA15E /* Main.storyboard in Resources */,
			);
			runOnlyForDeploymentPostprocessing = 0;
		};
		2A2E9B892A8CF08400577BC0 /* Resources */ = {
			isa = PBXResourcesBuildPhase;
			buildActionMask = 2147483647;
			files = (
			);
			runOnlyForDeploymentPostprocessing = 0;
		};
/* End PBXResourcesBuildPhase section */

/* Begin PBXSourcesBuildPhase section */
		2A0DA5642A6C8C190099011A /* Sources */ = {
			isa = PBXSourcesBuildPhase;
			buildActionMask = 2147483647;
			files = (
				2A2E9B862A8CF00900577BC0 /* ImagesListTests.swift in Sources */,
				2A0DA56B2A6C8C190099011A /* WebViewTests.swift in Sources */,
				2A2E9B7C2A8CEB4C00577BC0 /* ProfileTests.swift in Sources */,
			);
			runOnlyForDeploymentPostprocessing = 0;
		};
		2A2AEA472A1FC263003EA15E /* Sources */ = {
			isa = PBXSourcesBuildPhase;
			buildActionMask = 2147483647;
			files = (
				2A2E9B802A8CEBBD00577BC0 /* ProfileViewPresenter.swift in Sources */,
				2AD3DA312A47403F005AF6CD /* WebViewViewController.swift in Sources */,
				2AA7F56A2A6AAD3100915CFF /* ImagesListService.swift in Sources */,
				2A7574772A61AC88002F542B /* Profile.swift in Sources */,
				2AD7B6832A33667F003896B9 /* UIColorExtentions.swift in Sources */,
				2AD385D42A6155B200D3878C /* ProfileResult.swift in Sources */,
				2A08F9012A4CAA93007B9E0D /* OAuth2Service.swift in Sources */,
				2A2AEA532A1FC263003EA15E /* ImagesListViewController.swift in Sources */,
				2A1DC67F2A210CE5007EBDDA /* ImagesListCell.swift in Sources */,
				2A7AC0522A58BAF5009C0BD1 /* URLSession+Extensions.swift in Sources */,
				2A4EED112A53607D002D192A /* SplashViewController.swift in Sources */,
				2A2E9B822A8CED4700577BC0 /* AuthHelper.swift in Sources */,
				2A08F8FE2A4CAA08007B9E0D /* OAuthTokenResponseBody.swift in Sources */,
				2A8ED6512A34832F00697A35 /* SingleImageViewController.swift in Sources */,
				2AD7B6802A33596B003896B9 /* ProfileViewController.swift in Sources */,
				2A2E9B7E2A8CEB8500577BC0 /* ImagesListPresenter.swift in Sources */,
				2A2AEA4F2A1FC263003EA15E /* AppDelegate.swift in Sources */,
				2A5092352A672ACD0045410D /* TabBarController.swift in Sources */,
				2AD077402A608F46003F71E6 /* ProfileService.swift in Sources */,
				2A2E9B842A8CED8B00577BC0 /* WebViewPresenter.swift in Sources */,
				2A2AEA512A1FC263003EA15E /* SceneDelegate.swift in Sources */,
				2A6141B12A62E48100852742 /* ProfileImageService.swift in Sources */,
				2AD0773D2A606ABA003F71E6 /* UIBlockingProgressHUD.swift in Sources */,
				2AD3DA2F2A473A54005AF6CD /* AuthViewController.swift in Sources */,
				2A7AC0542A58BB01009C0BD1 /* URLRequest+Extensions.swift in Sources */,
				2A08F9032A4CAB4B007B9E0D /* OAuth2TokenStorage.swift in Sources */,
				2AD3DA2C2A470C17005AF6CD /* AuthConfiguration.swift in Sources */,
			);
			runOnlyForDeploymentPostprocessing = 0;
		};
		2A2E9B872A8CF08400577BC0 /* Sources */ = {
			isa = PBXSourcesBuildPhase;
			buildActionMask = 2147483647;
			files = (
				2A2E9B8E2A8CF08400577BC0 /* ImageFeedUITests.swift in Sources */,
			);
			runOnlyForDeploymentPostprocessing = 0;
		};
/* End PBXSourcesBuildPhase section */

/* Begin PBXTargetDependency section */
		2A0DA56D2A6C8C190099011A /* PBXTargetDependency */ = {
			isa = PBXTargetDependency;
			target = 2A2AEA4A2A1FC263003EA15E /* ImageFeed */;
			targetProxy = 2A0DA56C2A6C8C190099011A /* PBXContainerItemProxy */;
		};
		2A2E9B922A8CF08400577BC0 /* PBXTargetDependency */ = {
			isa = PBXTargetDependency;
			target = 2A2AEA4A2A1FC263003EA15E /* ImageFeed */;
			targetProxy = 2A2E9B912A8CF08400577BC0 /* PBXContainerItemProxy */;
		};
/* End PBXTargetDependency section */

/* Begin PBXVariantGroup section */
		2A2AEA542A1FC263003EA15E /* Main.storyboard */ = {
			isa = PBXVariantGroup;
			children = (
				2A2AEA552A1FC263003EA15E /* Base */,
			);
			name = Main.storyboard;
			sourceTree = "<group>";
		};
		2A2AEA592A1FC264003EA15E /* LaunchScreen.storyboard */ = {
			isa = PBXVariantGroup;
			children = (
				2A2AEA5A2A1FC264003EA15E /* Base */,
			);
			name = LaunchScreen.storyboard;
			sourceTree = "<group>";
		};
/* End PBXVariantGroup section */

/* Begin XCBuildConfiguration section */
		2A0DA56F2A6C8C190099011A /* Debug */ = {
			isa = XCBuildConfiguration;
			buildSettings = {
				BUNDLE_LOADER = "$(TEST_HOST)";
				CODE_SIGN_STYLE = Automatic;
				CURRENT_PROJECT_VERSION = 1;
				DEVELOPMENT_TEAM = TLSJ5SA5W3;
				GENERATE_INFOPLIST_FILE = YES;
				IPHONEOS_DEPLOYMENT_TARGET = 13.0;
				MARKETING_VERSION = 1.0;
				PRODUCT_BUNDLE_IDENTIFIER = crowru.ImageFeedTests;
				PRODUCT_NAME = "$(TARGET_NAME)";
				SWIFT_EMIT_LOC_STRINGS = NO;
				SWIFT_VERSION = 5.0;
				TARGETED_DEVICE_FAMILY = 1;
				TEST_HOST = "$(BUILT_PRODUCTS_DIR)/ImageFeed.app/$(BUNDLE_EXECUTABLE_FOLDER_PATH)/ImageFeed";
			};
			name = Debug;
		};
		2A0DA5702A6C8C190099011A /* Release */ = {
			isa = XCBuildConfiguration;
			buildSettings = {
				BUNDLE_LOADER = "$(TEST_HOST)";
				CODE_SIGN_STYLE = Automatic;
				CURRENT_PROJECT_VERSION = 1;
				DEVELOPMENT_TEAM = TLSJ5SA5W3;
				GENERATE_INFOPLIST_FILE = YES;
				IPHONEOS_DEPLOYMENT_TARGET = 13.0;
				MARKETING_VERSION = 1.0;
				PRODUCT_BUNDLE_IDENTIFIER = crowru.ImageFeedTests;
				PRODUCT_NAME = "$(TARGET_NAME)";
				SWIFT_EMIT_LOC_STRINGS = NO;
				SWIFT_VERSION = 5.0;
				TARGETED_DEVICE_FAMILY = 1;
				TEST_HOST = "$(BUILT_PRODUCTS_DIR)/ImageFeed.app/$(BUNDLE_EXECUTABLE_FOLDER_PATH)/ImageFeed";
			};
			name = Release;
		};
		2A2AEA5D2A1FC264003EA15E /* Debug */ = {
			isa = XCBuildConfiguration;
			buildSettings = {
				ALWAYS_SEARCH_USER_PATHS = NO;
				CLANG_ANALYZER_NONNULL = YES;
				CLANG_ANALYZER_NUMBER_OBJECT_CONVERSION = YES_AGGRESSIVE;
				CLANG_CXX_LANGUAGE_STANDARD = "gnu++20";
				CLANG_ENABLE_MODULES = YES;
				CLANG_ENABLE_OBJC_ARC = YES;
				CLANG_ENABLE_OBJC_WEAK = YES;
				CLANG_WARN_BLOCK_CAPTURE_AUTORELEASING = YES;
				CLANG_WARN_BOOL_CONVERSION = YES;
				CLANG_WARN_COMMA = YES;
				CLANG_WARN_CONSTANT_CONVERSION = YES;
				CLANG_WARN_DEPRECATED_OBJC_IMPLEMENTATIONS = YES;
				CLANG_WARN_DIRECT_OBJC_ISA_USAGE = YES_ERROR;
				CLANG_WARN_DOCUMENTATION_COMMENTS = YES;
				CLANG_WARN_EMPTY_BODY = YES;
				CLANG_WARN_ENUM_CONVERSION = YES;
				CLANG_WARN_INFINITE_RECURSION = YES;
				CLANG_WARN_INT_CONVERSION = YES;
				CLANG_WARN_NON_LITERAL_NULL_CONVERSION = YES;
				CLANG_WARN_OBJC_IMPLICIT_RETAIN_SELF = YES;
				CLANG_WARN_OBJC_LITERAL_CONVERSION = YES;
				CLANG_WARN_OBJC_ROOT_CLASS = YES_ERROR;
				CLANG_WARN_QUOTED_INCLUDE_IN_FRAMEWORK_HEADER = YES;
				CLANG_WARN_RANGE_LOOP_ANALYSIS = YES;
				CLANG_WARN_STRICT_PROTOTYPES = YES;
				CLANG_WARN_SUSPICIOUS_MOVE = YES;
				CLANG_WARN_UNGUARDED_AVAILABILITY = YES_AGGRESSIVE;
				CLANG_WARN_UNREACHABLE_CODE = YES;
				CLANG_WARN__DUPLICATE_METHOD_MATCH = YES;
				COPY_PHASE_STRIP = NO;
				DEBUG_INFORMATION_FORMAT = dwarf;
				ENABLE_STRICT_OBJC_MSGSEND = YES;
				ENABLE_TESTABILITY = YES;
				GCC_C_LANGUAGE_STANDARD = gnu11;
				GCC_DYNAMIC_NO_PIC = NO;
				GCC_NO_COMMON_BLOCKS = YES;
				GCC_OPTIMIZATION_LEVEL = 0;
				GCC_PREPROCESSOR_DEFINITIONS = (
					"DEBUG=1",
					"$(inherited)",
				);
				GCC_WARN_64_TO_32_BIT_CONVERSION = YES;
				GCC_WARN_ABOUT_RETURN_TYPE = YES_ERROR;
				GCC_WARN_UNDECLARED_SELECTOR = YES;
				GCC_WARN_UNINITIALIZED_AUTOS = YES_AGGRESSIVE;
				GCC_WARN_UNUSED_FUNCTION = YES;
				GCC_WARN_UNUSED_VARIABLE = YES;
				INFOPLIST_KEY_UIStatusBarStyle = UIStatusBarStyleDefault;
				"INFOPLIST_KEY_UIStatusBarStyle[sdk=*]" = UIStatusBarStyleDefault;
				IPHONEOS_DEPLOYMENT_TARGET = 13.0;
				MTL_ENABLE_DEBUG_INFO = INCLUDE_SOURCE;
				MTL_FAST_MATH = YES;
				ONLY_ACTIVE_ARCH = YES;
				SDKROOT = iphoneos;
				SWIFT_ACTIVE_COMPILATION_CONDITIONS = DEBUG;
				SWIFT_OPTIMIZATION_LEVEL = "-Onone";
			};
			name = Debug;
		};
		2A2AEA5E2A1FC264003EA15E /* Release */ = {
			isa = XCBuildConfiguration;
			buildSettings = {
				ALWAYS_SEARCH_USER_PATHS = NO;
				CLANG_ANALYZER_NONNULL = YES;
				CLANG_ANALYZER_NUMBER_OBJECT_CONVERSION = YES_AGGRESSIVE;
				CLANG_CXX_LANGUAGE_STANDARD = "gnu++20";
				CLANG_ENABLE_MODULES = YES;
				CLANG_ENABLE_OBJC_ARC = YES;
				CLANG_ENABLE_OBJC_WEAK = YES;
				CLANG_WARN_BLOCK_CAPTURE_AUTORELEASING = YES;
				CLANG_WARN_BOOL_CONVERSION = YES;
				CLANG_WARN_COMMA = YES;
				CLANG_WARN_CONSTANT_CONVERSION = YES;
				CLANG_WARN_DEPRECATED_OBJC_IMPLEMENTATIONS = YES;
				CLANG_WARN_DIRECT_OBJC_ISA_USAGE = YES_ERROR;
				CLANG_WARN_DOCUMENTATION_COMMENTS = YES;
				CLANG_WARN_EMPTY_BODY = YES;
				CLANG_WARN_ENUM_CONVERSION = YES;
				CLANG_WARN_INFINITE_RECURSION = YES;
				CLANG_WARN_INT_CONVERSION = YES;
				CLANG_WARN_NON_LITERAL_NULL_CONVERSION = YES;
				CLANG_WARN_OBJC_IMPLICIT_RETAIN_SELF = YES;
				CLANG_WARN_OBJC_LITERAL_CONVERSION = YES;
				CLANG_WARN_OBJC_ROOT_CLASS = YES_ERROR;
				CLANG_WARN_QUOTED_INCLUDE_IN_FRAMEWORK_HEADER = YES;
				CLANG_WARN_RANGE_LOOP_ANALYSIS = YES;
				CLANG_WARN_STRICT_PROTOTYPES = YES;
				CLANG_WARN_SUSPICIOUS_MOVE = YES;
				CLANG_WARN_UNGUARDED_AVAILABILITY = YES_AGGRESSIVE;
				CLANG_WARN_UNREACHABLE_CODE = YES;
				CLANG_WARN__DUPLICATE_METHOD_MATCH = YES;
				COPY_PHASE_STRIP = NO;
				DEBUG_INFORMATION_FORMAT = "dwarf-with-dsym";
				ENABLE_NS_ASSERTIONS = NO;
				ENABLE_STRICT_OBJC_MSGSEND = YES;
				GCC_C_LANGUAGE_STANDARD = gnu11;
				GCC_NO_COMMON_BLOCKS = YES;
				GCC_WARN_64_TO_32_BIT_CONVERSION = YES;
				GCC_WARN_ABOUT_RETURN_TYPE = YES_ERROR;
				GCC_WARN_UNDECLARED_SELECTOR = YES;
				GCC_WARN_UNINITIALIZED_AUTOS = YES_AGGRESSIVE;
				GCC_WARN_UNUSED_FUNCTION = YES;
				GCC_WARN_UNUSED_VARIABLE = YES;
				INFOPLIST_KEY_UIStatusBarStyle = UIStatusBarStyleDefault;
				"INFOPLIST_KEY_UIStatusBarStyle[sdk=*]" = UIStatusBarStyleDefault;
				IPHONEOS_DEPLOYMENT_TARGET = 13.0;
				MTL_ENABLE_DEBUG_INFO = NO;
				MTL_FAST_MATH = YES;
				SDKROOT = iphoneos;
				SWIFT_COMPILATION_MODE = wholemodule;
				SWIFT_OPTIMIZATION_LEVEL = "-O";
				VALIDATE_PRODUCT = YES;
			};
			name = Release;
		};
		2A2AEA602A1FC264003EA15E /* Debug */ = {
			isa = XCBuildConfiguration;
			buildSettings = {
				ASSETCATALOG_COMPILER_APPICON_NAME = AppIcon;
				ASSETCATALOG_COMPILER_GLOBAL_ACCENT_COLOR_NAME = AccentColor;
				CODE_SIGN_STYLE = Automatic;
				CURRENT_PROJECT_VERSION = 1;
				DEVELOPMENT_TEAM = TLSJ5SA5W3;
				GENERATE_INFOPLIST_FILE = YES;
				INFOPLIST_FILE = ImageFeed/Info.plist;
				INFOPLIST_KEY_UIApplicationSupportsIndirectInputEvents = YES;
				INFOPLIST_KEY_UILaunchStoryboardName = LaunchScreen;
				INFOPLIST_KEY_UIMainStoryboardFile = Main;
				INFOPLIST_KEY_UIStatusBarStyle = UIStatusBarStyleDefault;
				"INFOPLIST_KEY_UIStatusBarStyle[sdk=*]" = UIStatusBarStyleDefault;
				INFOPLIST_KEY_UISupportedInterfaceOrientations = UIInterfaceOrientationPortrait;
				IPHONEOS_DEPLOYMENT_TARGET = 13.0;
				LD_RUNPATH_SEARCH_PATHS = (
					"$(inherited)",
					"@executable_path/Frameworks",
				);
				MARKETING_VERSION = 1.0;
				PRODUCT_BUNDLE_IDENTIFIER = crowru.ImageFeed;
				PRODUCT_NAME = "$(TARGET_NAME)";
				SUPPORTED_PLATFORMS = "iphoneos iphonesimulator";
				SUPPORTS_MACCATALYST = NO;
				SUPPORTS_MAC_DESIGNED_FOR_IPHONE_IPAD = YES;
				SWIFT_EMIT_LOC_STRINGS = YES;
				SWIFT_VERSION = 5.0;
				TARGETED_DEVICE_FAMILY = 1;
			};
			name = Debug;
		};
		2A2AEA612A1FC264003EA15E /* Release */ = {
			isa = XCBuildConfiguration;
			buildSettings = {
				ASSETCATALOG_COMPILER_APPICON_NAME = AppIcon;
				ASSETCATALOG_COMPILER_GLOBAL_ACCENT_COLOR_NAME = AccentColor;
				CODE_SIGN_STYLE = Automatic;
				CURRENT_PROJECT_VERSION = 1;
				DEVELOPMENT_TEAM = TLSJ5SA5W3;
				GENERATE_INFOPLIST_FILE = YES;
				INFOPLIST_FILE = ImageFeed/Info.plist;
				INFOPLIST_KEY_UIApplicationSupportsIndirectInputEvents = YES;
				INFOPLIST_KEY_UILaunchStoryboardName = LaunchScreen;
				INFOPLIST_KEY_UIMainStoryboardFile = Main;
				INFOPLIST_KEY_UIStatusBarStyle = UIStatusBarStyleDefault;
				"INFOPLIST_KEY_UIStatusBarStyle[sdk=*]" = UIStatusBarStyleDefault;
				INFOPLIST_KEY_UISupportedInterfaceOrientations = UIInterfaceOrientationPortrait;
				IPHONEOS_DEPLOYMENT_TARGET = 13.0;
				LD_RUNPATH_SEARCH_PATHS = (
					"$(inherited)",
					"@executable_path/Frameworks",
				);
				MARKETING_VERSION = 1.0;
				PRODUCT_BUNDLE_IDENTIFIER = crowru.ImageFeed;
				PRODUCT_NAME = "$(TARGET_NAME)";
				SUPPORTED_PLATFORMS = "iphoneos iphonesimulator";
				SUPPORTS_MACCATALYST = NO;
				SUPPORTS_MAC_DESIGNED_FOR_IPHONE_IPAD = YES;
				SWIFT_EMIT_LOC_STRINGS = YES;
				SWIFT_VERSION = 5.0;
				TARGETED_DEVICE_FAMILY = 1;
			};
			name = Release;
		};
		2A2E9B942A8CF08400577BC0 /* Debug */ = {
			isa = XCBuildConfiguration;
			buildSettings = {
				CODE_SIGN_STYLE = Automatic;
				CURRENT_PROJECT_VERSION = 1;
				GENERATE_INFOPLIST_FILE = YES;
				IPHONEOS_DEPLOYMENT_TARGET = 16.4;
				MARKETING_VERSION = 1.0;
				PRODUCT_BUNDLE_IDENTIFIER = crowru.ImageFeedUITests;
				PRODUCT_NAME = "$(TARGET_NAME)";
				SWIFT_EMIT_LOC_STRINGS = NO;
				SWIFT_VERSION = 5.0;
				TARGETED_DEVICE_FAMILY = "1,2";
				TEST_TARGET_NAME = ImageFeed;
			};
			name = Debug;
		};
		2A2E9B952A8CF08400577BC0 /* Release */ = {
			isa = XCBuildConfiguration;
			buildSettings = {
				CODE_SIGN_STYLE = Automatic;
				CURRENT_PROJECT_VERSION = 1;
				GENERATE_INFOPLIST_FILE = YES;
				IPHONEOS_DEPLOYMENT_TARGET = 16.4;
				MARKETING_VERSION = 1.0;
				PRODUCT_BUNDLE_IDENTIFIER = crowru.ImageFeedUITests;
				PRODUCT_NAME = "$(TARGET_NAME)";
				SWIFT_EMIT_LOC_STRINGS = NO;
				SWIFT_VERSION = 5.0;
				TARGETED_DEVICE_FAMILY = "1,2";
				TEST_TARGET_NAME = ImageFeed;
			};
			name = Release;
		};
/* End XCBuildConfiguration section */

/* Begin XCConfigurationList section */
		2A0DA56E2A6C8C190099011A /* Build configuration list for PBXNativeTarget "ImageFeedTests" */ = {
			isa = XCConfigurationList;
			buildConfigurations = (
				2A0DA56F2A6C8C190099011A /* Debug */,
				2A0DA5702A6C8C190099011A /* Release */,
			);
			defaultConfigurationIsVisible = 0;
			defaultConfigurationName = Release;
		};
		2A2AEA462A1FC263003EA15E /* Build configuration list for PBXProject "ImageFeed" */ = {
			isa = XCConfigurationList;
			buildConfigurations = (
				2A2AEA5D2A1FC264003EA15E /* Debug */,
				2A2AEA5E2A1FC264003EA15E /* Release */,
			);
			defaultConfigurationIsVisible = 0;
			defaultConfigurationName = Release;
		};
		2A2AEA5F2A1FC264003EA15E /* Build configuration list for PBXNativeTarget "ImageFeed" */ = {
			isa = XCConfigurationList;
			buildConfigurations = (
				2A2AEA602A1FC264003EA15E /* Debug */,
				2A2AEA612A1FC264003EA15E /* Release */,
			);
			defaultConfigurationIsVisible = 0;
			defaultConfigurationName = Release;
		};
		2A2E9B932A8CF08400577BC0 /* Build configuration list for PBXNativeTarget "ImageFeedUITests" */ = {
			isa = XCConfigurationList;
			buildConfigurations = (
				2A2E9B942A8CF08400577BC0 /* Debug */,
				2A2E9B952A8CF08400577BC0 /* Release */,
			);
			defaultConfigurationIsVisible = 0;
			defaultConfigurationName = Release;
		};
/* End XCConfigurationList section */

/* Begin XCRemoteSwiftPackageReference section */
		2A50922D2A65CB260045410D /* XCRemoteSwiftPackageReference "Kingfisher" */ = {
			isa = XCRemoteSwiftPackageReference;
			repositoryURL = "https://github.com/onevcat/Kingfisher.git";
			requirement = {
				kind = upToNextMajorVersion;
				minimumVersion = 7.0.0;
			};
		};
		2A5092302A671DEC0045410D /* XCRemoteSwiftPackageReference "SwiftKeychainWrapper" */ = {
			isa = XCRemoteSwiftPackageReference;
			repositoryURL = "https://github.com/jrendel/SwiftKeychainWrapper";
			requirement = {
				kind = upToNextMajorVersion;
				minimumVersion = 4.0.0;
			};
		};
		2AD077392A600BB8003F71E6 /* XCRemoteSwiftPackageReference "ProgressHUD" */ = {
			isa = XCRemoteSwiftPackageReference;
			repositoryURL = "https://github.com/relatedcode/ProgressHUD";
			requirement = {
				kind = exactVersion;
				version = 13.7.2;
			};
		};
/* End XCRemoteSwiftPackageReference section */

/* Begin XCSwiftPackageProductDependency section */
		2A50922E2A65CB260045410D /* Kingfisher */ = {
			isa = XCSwiftPackageProductDependency;
			package = 2A50922D2A65CB260045410D /* XCRemoteSwiftPackageReference "Kingfisher" */;
			productName = Kingfisher;
		};
		2A5092312A671DEC0045410D /* SwiftKeychainWrapper */ = {
			isa = XCSwiftPackageProductDependency;
			package = 2A5092302A671DEC0045410D /* XCRemoteSwiftPackageReference "SwiftKeychainWrapper" */;
			productName = SwiftKeychainWrapper;
		};
		2AD0773A2A600BB8003F71E6 /* ProgressHUD */ = {
			isa = XCSwiftPackageProductDependency;
			package = 2AD077392A600BB8003F71E6 /* XCRemoteSwiftPackageReference "ProgressHUD" */;
			productName = ProgressHUD;
		};
/* End XCSwiftPackageProductDependency section */
	};
	rootObject = 2A2AEA432A1FC263003EA15E /* Project object */;
}
